
Microsoft Visual Studio Solution File, Format Version 12.00
# Visual Studio Version 17
VisualStudioVersion = 17.0.31903.59
MinimumVisualStudioVersion = 10.0.40219.1
Project("{2150E333-8FDC-42A3-9474-1A3956D46DE8}") = "src", "src", "{827E0CD3-B72D-47B6-A68D-7590B98EB39B}"
EndProject
Project("{2150E333-8FDC-42A3-9474-1A3956D46DE8}") = "BuildingBlocks", "BuildingBlocks", "{90298CBA-BD6F-3A0A-69D5-97CAD7B05E7E}"
EndProject
Project("{FAE04EC0-301F-11D3-BF4B-00C04F79EFBC}") = "ApiGateway", "src\BuildingBlocks\ApiGateway\ApiGateway.csproj", "{0D54923B-7734-48F2-839B-76F51FE757CF}"
EndProject
Project("{FAE04EC0-301F-11D3-BF4B-00C04F79EFBC}") = "BuildingBlocks.Common", "src\BuildingBlocks\Common\BuildingBlocks.Common.csproj", "{58C55A96-96A6-44F7-8DC9-45145612047F}"
EndProject
Project("{FAE04EC0-301F-11D3-BF4B-00C04F79EFBC}") = "BuildingBlocks.Infrastructure", "src\BuildingBlocks\Infrastructure\BuildingBlocks.Infrastructure.csproj", "{1E0F18C3-5B25-4925-9098-6A594616DE7F}"
EndProject
Project("{FAE04EC0-301F-11D3-BF4B-00C04F79EFBC}") = "BuildingBlocks.Messaging", "src\BuildingBlocks\Messaging\BuildingBlocks.Messaging.csproj", "{B9ECA623-5581-464D-8957-90856642ECA2}"
EndProject
Project("{FAE04EC0-301F-11D3-BF4B-00C04F79EFBC}") = "BuildingBlocks.Persistence", "src\BuildingBlocks\Persistence\BuildingBlocks.Persistence.csproj", "{9570E5CF-7A76-41DE-B678-DCAAE07E6391}"
EndProject
Project("{FAE04EC0-301F-11D3-BF4B-00C04F79EFBC}") = "CoreWorkflowService.Api", "src\Services\CoreWorkflowService\CoreWorkflowService.Api\CoreWorkflowService.Api.csproj", "{199BB448-D879-4D61-B557-5CC88B473EE9}"
EndProject
Project("{FAE04EC0-301F-11D3-BF4B-00C04F79EFBC}") = "CoreWorkflowService.Application", "src\Services\CoreWorkflowService\CoreWorkflowService.Application\CoreWorkflowService.Application.csproj", "{9BDB6905-28E8-4C87-8745-46F4D599B461}"
EndProject
Project("{FAE04EC0-301F-11D3-BF4B-00C04F79EFBC}") = "CoreWorkflowService.Contracts", "src\Services\CoreWorkflowService\CoreWorkflowService.Contracts\CoreWorkflowService.Contracts.csproj", "{20F703D1-E6AD-4B8D-A08E-EFED9FE103DC}"
EndProject
Project("{FAE04EC0-301F-11D3-BF4B-00C04F79EFBC}") = "CoreWorkflowService.Domain", "src\Services\CoreWorkflowService\CoreWorkflowService.Domain\CoreWorkflowService.Domain.csproj", "{FB2CD34E-EC83-4FC3-9908-CBC5F98EC998}"
EndProject
Project("{FAE04EC0-301F-11D3-BF4B-00C04F79EFBC}") = "CoreWorkflowService.Infrastructure", "src\Services\CoreWorkflowService\CoreWorkflowService.Infrastructure\CoreWorkflowService.Infrastructure.csproj", "{371D4826-E35A-4783-BEA4-9BC44519E91D}"
EndProject
Project("{FAE04EC0-301F-11D3-BF4B-00C04F79EFBC}") = "IntegrationHub.Api", "src\Services\IntegrationHub\IntegrationHub.Api\IntegrationHub.Api.csproj", "{81F5516F-CBCE-457B-9875-99FBEA3B92FB}"
EndProject
Project("{FAE04EC0-301F-11D3-BF4B-00C04F79EFBC}") = "IntegrationHub.Application", "src\Services\IntegrationHub\IntegrationHub.Application\IntegrationHub.Application.csproj", "{F29EE70C-A60E-4CBA-9002-335C681576B7}"
EndProject
Project("{FAE04EC0-301F-11D3-BF4B-00C04F79EFBC}") = "IntegrationHub.Contracts", "src\Services\IntegrationHub\IntegrationHub.Contracts\IntegrationHub.Contracts.csproj", "{D8F161FE-E1B9-4CBC-9654-C5CD21EA992C}"
EndProject
Project("{FAE04EC0-301F-11D3-BF4B-00C04F79EFBC}") = "IntegrationHub.Domain", "src\Services\IntegrationHub\IntegrationHub.Domain\IntegrationHub.Domain.csproj", "{B5563A23-D812-4B64-BA71-5CC5BE1E57A3}"
EndProject
Project("{FAE04EC0-301F-11D3-BF4B-00C04F79EFBC}") = "IntegrationHub.Infrastructure", "src\Services\IntegrationHub\IntegrationHub.Infrastructure\IntegrationHub.Infrastructure.csproj", "{51F36EA1-FB3B-473D-963C-6DDAB5E2D1BA}"
EndProject
Project("{FAE04EC0-301F-11D3-BF4B-00C04F79EFBC}") = "IdentityService.API", "src\Services\IdentityService\IdentityService.API\IdentityService.API.csproj", "{A1B2C3D4-E5F6-7890-ABCD-EF1234567890}"
EndProject
Project("{FAE04EC0-301F-11D3-BF4B-00C04F79EFBC}") = "IdentityService.Application", "src\Services\IdentityService\IdentityService.Application\IdentityService.Application.csproj", "{B2C3D4E5-F6G7-8901-BCDE-F23456789012}"
EndProject
Project("{FAE04EC0-301F-11D3-BF4B-00C04F79EFBC}") = "IdentityService.Contracts", "src\Services\IdentityService\IdentityService.Contracts\IdentityService.Contracts.csproj", "{C3D4E5F6-G7H8-9012-CDEF-345678901234}"
EndProject
Project("{FAE04EC0-301F-11D3-BF4B-00C04F79EFBC}") = "IdentityService.Domain", "src\Services\IdentityService\IdentityService.Domain\IdentityService.Domain.csproj", "{D4E5F6G7-H8I9-0123-DEFG-456789012345}"
EndProject
Project("{FAE04EC0-301F-11D3-BF4B-00C04F79EFBC}") = "IdentityService.Infrastructure", "src\Services\IdentityService\IdentityService.Infrastructure\IdentityService.Infrastructure.csproj", "{E5F6G7H8-I9J0-1234-EFGH-567890123456}"
EndProject
Project("{FAE04EC0-301F-11D3-BF4B-00C04F79EFBC}") = "IdentityService.Presentation", "src\Services\IdentityService\IdentityService.Presentation\IdentityService.Presentation.csproj", "{F6G7H8I9-J0K1-2345-FGHI-678901234567}"
EndProject
Project("{2150E333-8FDC-42A3-9474-1A3956D46DE8}") = "tests", "tests", "{0AB3BF05-4346-4AA6-1389-037BE0695223}"
EndProject
Project("{FAE04EC0-301F-11D3-BF4B-00C04F79EFBC}") = "UnitTests", "tests\UnitTests\UnitTests.csproj", "{A5C99AB0-5576-47A8-B375-8FC542C7852A}"
EndProject
Project("{FAE04EC0-301F-11D3-BF4B-00C04F79EFBC}") = "IntegrationTests", "tests\IntegrationTests\IntegrationTests.csproj", "{7E6E8B2D-5C3A-4A2C-9E3A-4A6F9A9D1234}"
EndProject
Project("{2150E333-8FDC-42A3-9474-1A3956D46DE8}") = "Services", "Services", "{F796C181-967A-457B-993B-C4F09D0E8103}"
EndProject
Project("{FAE04EC0-301F-11D3-BF4B-00C04F79EFBC}") = "DevMonoService", "src\Services\DevMonoService\DevMonoService.csproj", "{041CD4A3-6104-4A9D-9538-77894F80ADC9}"
EndProject
Global
	GlobalSection(SolutionConfigurationPlatforms) = preSolution
		Debug|Any CPU = Debug|Any CPU
		Debug|x64 = Debug|x64
		Debug|x86 = Debug|x86
		Release|Any CPU = Release|Any CPU
		Release|x64 = Release|x64
		Release|x86 = Release|x86
	EndGlobalSection
	GlobalSection(ProjectConfigurationPlatforms) = postSolution
		{0D54923B-7734-48F2-839B-76F51FE757CF}.Debug|Any CPU.ActiveCfg = Debug|Any CPU
		{0D54923B-7734-48F2-839B-76F51FE757CF}.Debug|Any CPU.Build.0 = Debug|Any CPU
		{0D54923B-7734-48F2-839B-76F51FE757CF}.Debug|x64.ActiveCfg = Debug|Any CPU
		{0D54923B-7734-48F2-839B-76F51FE757CF}.Debug|x64.Build.0 = Debug|Any CPU
		{0D54923B-7734-48F2-839B-76F51FE757CF}.Debug|x86.ActiveCfg = Debug|Any CPU
		{0D54923B-7734-48F2-839B-76F51FE757CF}.Debug|x86.Build.0 = Debug|Any CPU
		{0D54923B-7734-48F2-839B-76F51FE757CF}.Release|Any CPU.ActiveCfg = Release|Any CPU
		{0D54923B-7734-48F2-839B-76F51FE757CF}.Release|Any CPU.Build.0 = Release|Any CPU
		{0D54923B-7734-48F2-839B-76F51FE757CF}.Release|x64.ActiveCfg = Release|Any CPU
		{0D54923B-7734-48F2-839B-76F51FE757CF}.Release|x64.Build.0 = Release|Any CPU
		{0D54923B-7734-48F2-839B-76F51FE757CF}.Release|x86.ActiveCfg = Release|Any CPU
		{0D54923B-7734-48F2-839B-76F51FE757CF}.Release|x86.Build.0 = Release|Any CPU
		{58C55A96-96A6-44F7-8DC9-45145612047F}.Debug|Any CPU.ActiveCfg = Debug|Any CPU
		{58C55A96-96A6-44F7-8DC9-45145612047F}.Debug|Any CPU.Build.0 = Debug|Any CPU
		{58C55A96-96A6-44F7-8DC9-45145612047F}.Debug|x64.ActiveCfg = Debug|Any CPU
		{58C55A96-96A6-44F7-8DC9-45145612047F}.Debug|x64.Build.0 = Debug|Any CPU
		{58C55A96-96A6-44F7-8DC9-45145612047F}.Debug|x86.ActiveCfg = Debug|Any CPU
		{58C55A96-96A6-44F7-8DC9-45145612047F}.Debug|x86.Build.0 = Debug|Any CPU
		{58C55A96-96A6-44F7-8DC9-45145612047F}.Release|Any CPU.ActiveCfg = Release|Any CPU
		{58C55A96-96A6-44F7-8DC9-45145612047F}.Release|Any CPU.Build.0 = Release|Any CPU
		{58C55A96-96A6-44F7-8DC9-45145612047F}.Release|x64.ActiveCfg = Release|Any CPU
		{58C55A96-96A6-44F7-8DC9-45145612047F}.Release|x64.Build.0 = Release|Any CPU
		{58C55A96-96A6-44F7-8DC9-45145612047F}.Release|x86.ActiveCfg = Release|Any CPU
		{58C55A96-96A6-44F7-8DC9-45145612047F}.Release|x86.Build.0 = Release|Any CPU
		{1E0F18C3-5B25-4925-9098-6A594616DE7F}.Debug|Any CPU.ActiveCfg = Debug|Any CPU
		{1E0F18C3-5B25-4925-9098-6A594616DE7F}.Debug|Any CPU.Build.0 = Debug|Any CPU
		{1E0F18C3-5B25-4925-9098-6A594616DE7F}.Debug|x64.ActiveCfg = Debug|Any CPU
		{1E0F18C3-5B25-4925-9098-6A594616DE7F}.Debug|x64.Build.0 = Debug|Any CPU
		{1E0F18C3-5B25-4925-9098-6A594616DE7F}.Debug|x86.ActiveCfg = Debug|Any CPU
		{1E0F18C3-5B25-4925-9098-6A594616DE7F}.Debug|x86.Build.0 = Debug|Any CPU
		{1E0F18C3-5B25-4925-9098-6A594616DE7F}.Release|Any CPU.ActiveCfg = Release|Any CPU
		{1E0F18C3-5B25-4925-9098-6A594616DE7F}.Release|Any CPU.Build.0 = Release|Any CPU
		{1E0F18C3-5B25-4925-9098-6A594616DE7F}.Release|x64.ActiveCfg = Release|Any CPU
		{1E0F18C3-5B25-4925-9098-6A594616DE7F}.Release|x64.Build.0 = Release|Any CPU
		{1E0F18C3-5B25-4925-9098-6A594616DE7F}.Release|x86.ActiveCfg = Release|Any CPU
		{1E0F18C3-5B25-4925-9098-6A594616DE7F}.Release|x86.Build.0 = Release|Any CPU
		{B9ECA623-5581-464D-8957-90856642ECA2}.Debug|Any CPU.ActiveCfg = Debug|Any CPU
		{B9ECA623-5581-464D-8957-90856642ECA2}.Debug|Any CPU.Build.0 = Debug|Any CPU
		{B9ECA623-5581-464D-8957-90856642ECA2}.Debug|x64.ActiveCfg = Debug|Any CPU
		{B9ECA623-5581-464D-8957-90856642ECA2}.Debug|x64.Build.0 = Debug|Any CPU
		{B9ECA623-5581-464D-8957-90856642ECA2}.Debug|x86.ActiveCfg = Debug|Any CPU
		{B9ECA623-5581-464D-8957-90856642ECA2}.Debug|x86.Build.0 = Debug|Any CPU
		{B9ECA623-5581-464D-8957-90856642ECA2}.Release|Any CPU.ActiveCfg = Release|Any CPU
		{B9ECA623-5581-464D-8957-90856642ECA2}.Release|Any CPU.Build.0 = Release|Any CPU
		{B9ECA623-5581-464D-8957-90856642ECA2}.Release|x64.ActiveCfg = Release|Any CPU
		{B9ECA623-5581-464D-8957-90856642ECA2}.Release|x64.Build.0 = Release|Any CPU
		{B9ECA623-5581-464D-8957-90856642ECA2}.Release|x86.ActiveCfg = Release|Any CPU
		{B9ECA623-5581-464D-8957-90856642ECA2}.Release|x86.Build.0 = Release|Any CPU
		{9570E5CF-7A76-41DE-B678-DCAAE07E6391}.Debug|Any CPU.ActiveCfg = Debug|Any CPU
		{9570E5CF-7A76-41DE-B678-DCAAE07E6391}.Debug|Any CPU.Build.0 = Debug|Any CPU
		{9570E5CF-7A76-41DE-B678-DCAAE07E6391}.Debug|x64.ActiveCfg = Debug|Any CPU
		{9570E5CF-7A76-41DE-B678-DCAAE07E6391}.Debug|x64.Build.0 = Debug|Any CPU
		{9570E5CF-7A76-41DE-B678-DCAAE07E6391}.Debug|x86.ActiveCfg = Debug|Any CPU
		{9570E5CF-7A76-41DE-B678-DCAAE07E6391}.Debug|x86.Build.0 = Debug|Any CPU
		{9570E5CF-7A76-41DE-B678-DCAAE07E6391}.Release|Any CPU.ActiveCfg = Release|Any CPU
		{9570E5CF-7A76-41DE-B678-DCAAE07E6391}.Release|Any CPU.Build.0 = Release|Any CPU
		{9570E5CF-7A76-41DE-B678-DCAAE07E6391}.Release|x64.ActiveCfg = Release|Any CPU
		{9570E5CF-7A76-41DE-B678-DCAAE07E6391}.Release|x64.Build.0 = Release|Any CPU
		{9570E5CF-7A76-41DE-B678-DCAAE07E6391}.Release|x86.ActiveCfg = Release|Any CPU
		{9570E5CF-7A76-41DE-B678-DCAAE07E6391}.Release|x86.Build.0 = Release|Any CPU
		{199BB448-D879-4D61-B557-5CC88B473EE9}.Debug|Any CPU.ActiveCfg = Debug|Any CPU
		{199BB448-D879-4D61-B557-5CC88B473EE9}.Debug|Any CPU.Build.0 = Debug|Any CPU
		{199BB448-D879-4D61-B557-5CC88B473EE9}.Debug|x64.ActiveCfg = Debug|Any CPU
		{199BB448-D879-4D61-B557-5CC88B473EE9}.Debug|x64.Build.0 = Debug|Any CPU
		{199BB448-D879-4D61-B557-5CC88B473EE9}.Debug|x86.ActiveCfg = Debug|Any CPU
		{199BB448-D879-4D61-B557-5CC88B473EE9}.Debug|x86.Build.0 = Debug|Any CPU
		{199BB448-D879-4D61-B557-5CC88B473EE9}.Release|Any CPU.ActiveCfg = Release|Any CPU
		{199BB448-D879-4D61-B557-5CC88B473EE9}.Release|Any CPU.Build.0 = Release|Any CPU
		{199BB448-D879-4D61-B557-5CC88B473EE9}.Release|x64.ActiveCfg = Release|Any CPU
		{199BB448-D879-4D61-B557-5CC88B473EE9}.Release|x64.Build.0 = Release|Any CPU
		{199BB448-D879-4D61-B557-5CC88B473EE9}.Release|x86.ActiveCfg = Release|Any CPU
		{199BB448-D879-4D61-B557-5CC88B473EE9}.Release|x86.Build.0 = Release|Any CPU
		{9BDB6905-28E8-4C87-8745-46F4D599B461}.Debug|Any CPU.ActiveCfg = Debug|Any CPU
		{9BDB6905-28E8-4C87-8745-46F4D599B461}.Debug|Any CPU.Build.0 = Debug|Any CPU
		{9BDB6905-28E8-4C87-8745-46F4D599B461}.Debug|x64.ActiveCfg = Debug|Any CPU
		{9BDB6905-28E8-4C87-8745-46F4D599B461}.Debug|x64.Build.0 = Debug|Any CPU
		{9BDB6905-28E8-4C87-8745-46F4D599B461}.Debug|x86.ActiveCfg = Debug|Any CPU
		{9BDB6905-28E8-4C87-8745-46F4D599B461}.Debug|x86.Build.0 = Debug|Any CPU
		{9BDB6905-28E8-4C87-8745-46F4D599B461}.Release|Any CPU.ActiveCfg = Release|Any CPU
		{9BDB6905-28E8-4C87-8745-46F4D599B461}.Release|Any CPU.Build.0 = Release|Any CPU
		{9BDB6905-28E8-4C87-8745-46F4D599B461}.Release|x64.ActiveCfg = Release|Any CPU
		{9BDB6905-28E8-4C87-8745-46F4D599B461}.Release|x64.Build.0 = Release|Any CPU
		{9BDB6905-28E8-4C87-8745-46F4D599B461}.Release|x86.ActiveCfg = Release|Any CPU
		{9BDB6905-28E8-4C87-8745-46F4D599B461}.Release|x86.Build.0 = Release|Any CPU
		{20F703D1-E6AD-4B8D-A08E-EFED9FE103DC}.Debug|Any CPU.ActiveCfg = Debug|Any CPU
		{20F703D1-E6AD-4B8D-A08E-EFED9FE103DC}.Debug|Any CPU.Build.0 = Debug|Any CPU
		{20F703D1-E6AD-4B8D-A08E-EFED9FE103DC}.Debug|x64.ActiveCfg = Debug|Any CPU
		{20F703D1-E6AD-4B8D-A08E-EFED9FE103DC}.Debug|x64.Build.0 = Debug|Any CPU
		{20F703D1-E6AD-4B8D-A08E-EFED9FE103DC}.Debug|x86.ActiveCfg = Debug|Any CPU
		{20F703D1-E6AD-4B8D-A08E-EFED9FE103DC}.Debug|x86.Build.0 = Debug|Any CPU
		{20F703D1-E6AD-4B8D-A08E-EFED9FE103DC}.Release|Any CPU.ActiveCfg = Release|Any CPU
		{20F703D1-E6AD-4B8D-A08E-EFED9FE103DC}.Release|Any CPU.Build.0 = Release|Any CPU
		{20F703D1-E6AD-4B8D-A08E-EFED9FE103DC}.Release|x64.ActiveCfg = Release|Any CPU
		{20F703D1-E6AD-4B8D-A08E-EFED9FE103DC}.Release|x64.Build.0 = Release|Any CPU
		{20F703D1-E6AD-4B8D-A08E-EFED9FE103DC}.Release|x86.ActiveCfg = Release|Any CPU
		{20F703D1-E6AD-4B8D-A08E-EFED9FE103DC}.Release|x86.Build.0 = Release|Any CPU
		{FB2CD34E-EC83-4FC3-9908-CBC5F98EC998}.Debug|Any CPU.ActiveCfg = Debug|Any CPU
		{FB2CD34E-EC83-4FC3-9908-CBC5F98EC998}.Debug|Any CPU.Build.0 = Debug|Any CPU
		{FB2CD34E-EC83-4FC3-9908-CBC5F98EC998}.Debug|x64.ActiveCfg = Debug|Any CPU
		{FB2CD34E-EC83-4FC3-9908-CBC5F98EC998}.Debug|x64.Build.0 = Debug|Any CPU
		{FB2CD34E-EC83-4FC3-9908-CBC5F98EC998}.Debug|x86.ActiveCfg = Debug|Any CPU
		{FB2CD34E-EC83-4FC3-9908-CBC5F98EC998}.Debug|x86.Build.0 = Debug|Any CPU
		{FB2CD34E-EC83-4FC3-9908-CBC5F98EC998}.Release|Any CPU.ActiveCfg = Release|Any CPU
		{FB2CD34E-EC83-4FC3-9908-CBC5F98EC998}.Release|Any CPU.Build.0 = Release|Any CPU
		{FB2CD34E-EC83-4FC3-9908-CBC5F98EC998}.Release|x64.ActiveCfg = Release|Any CPU
		{FB2CD34E-EC83-4FC3-9908-CBC5F98EC998}.Release|x64.Build.0 = Release|Any CPU
		{FB2CD34E-EC83-4FC3-9908-CBC5F98EC998}.Release|x86.ActiveCfg = Release|Any CPU
		{FB2CD34E-EC83-4FC3-9908-CBC5F98EC998}.Release|x86.Build.0 = Release|Any CPU
		{371D4826-E35A-4783-BEA4-9BC44519E91D}.Debug|Any CPU.ActiveCfg = Debug|Any CPU
		{371D4826-E35A-4783-BEA4-9BC44519E91D}.Debug|Any CPU.Build.0 = Debug|Any CPU
		{371D4826-E35A-4783-BEA4-9BC44519E91D}.Debug|x64.ActiveCfg = Debug|Any CPU
		{371D4826-E35A-4783-BEA4-9BC44519E91D}.Debug|x64.Build.0 = Debug|Any CPU
		{371D4826-E35A-4783-BEA4-9BC44519E91D}.Debug|x86.ActiveCfg = Debug|Any CPU
		{371D4826-E35A-4783-BEA4-9BC44519E91D}.Debug|x86.Build.0 = Debug|Any CPU
		{371D4826-E35A-4783-BEA4-9BC44519E91D}.Release|Any CPU.ActiveCfg = Release|Any CPU
		{371D4826-E35A-4783-BEA4-9BC44519E91D}.Release|Any CPU.Build.0 = Release|Any CPU
		{371D4826-E35A-4783-BEA4-9BC44519E91D}.Release|x64.ActiveCfg = Release|Any CPU
		{371D4826-E35A-4783-BEA4-9BC44519E91D}.Release|x64.Build.0 = Release|Any CPU
		{371D4826-E35A-4783-BEA4-9BC44519E91D}.Release|x86.ActiveCfg = Release|Any CPU
		{371D4826-E35A-4783-BEA4-9BC44519E91D}.Release|x86.Build.0 = Release|Any CPU
		{81F5516F-CBCE-457B-9875-99FBEA3B92FB}.Debug|Any CPU.ActiveCfg = Debug|Any CPU
		{81F5516F-CBCE-457B-9875-99FBEA3B92FB}.Debug|Any CPU.Build.0 = Debug|Any CPU
		{81F5516F-CBCE-457B-9875-99FBEA3B92FB}.Debug|x64.ActiveCfg = Debug|Any CPU
		{81F5516F-CBCE-457B-9875-99FBEA3B92FB}.Debug|x64.Build.0 = Debug|Any CPU
		{81F5516F-CBCE-457B-9875-99FBEA3B92FB}.Debug|x86.ActiveCfg = Debug|Any CPU
		{81F5516F-CBCE-457B-9875-99FBEA3B92FB}.Debug|x86.Build.0 = Debug|Any CPU
		{81F5516F-CBCE-457B-9875-99FBEA3B92FB}.Release|Any CPU.ActiveCfg = Release|Any CPU
		{81F5516F-CBCE-457B-9875-99FBEA3B92FB}.Release|Any CPU.Build.0 = Release|Any CPU
		{81F5516F-CBCE-457B-9875-99FBEA3B92FB}.Release|x64.ActiveCfg = Release|Any CPU
		{81F5516F-CBCE-457B-9875-99FBEA3B92FB}.Release|x64.Build.0 = Release|Any CPU
		{81F5516F-CBCE-457B-9875-99FBEA3B92FB}.Release|x86.ActiveCfg = Release|Any CPU
		{81F5516F-CBCE-457B-9875-99FBEA3B92FB}.Release|x86.Build.0 = Release|Any CPU
		{F29EE70C-A60E-4CBA-9002-335C681576B7}.Debug|Any CPU.ActiveCfg = Debug|Any CPU
		{F29EE70C-A60E-4CBA-9002-335C681576B7}.Debug|Any CPU.Build.0 = Debug|Any CPU
		{F29EE70C-A60E-4CBA-9002-335C681576B7}.Debug|x64.ActiveCfg = Debug|Any CPU
		{F29EE70C-A60E-4CBA-9002-335C681576B7}.Debug|x64.Build.0 = Debug|Any CPU
		{F29EE70C-A60E-4CBA-9002-335C681576B7}.Debug|x86.ActiveCfg = Debug|Any CPU
		{F29EE70C-A60E-4CBA-9002-335C681576B7}.Debug|x86.Build.0 = Debug|Any CPU
		{F29EE70C-A60E-4CBA-9002-335C681576B7}.Release|Any CPU.ActiveCfg = Release|Any CPU
		{F29EE70C-A60E-4CBA-9002-335C681576B7}.Release|Any CPU.Build.0 = Release|Any CPU
		{F29EE70C-A60E-4CBA-9002-335C681576B7}.Release|x64.ActiveCfg = Release|Any CPU
		{F29EE70C-A60E-4CBA-9002-335C681576B7}.Release|x64.Build.0 = Release|Any CPU
		{F29EE70C-A60E-4CBA-9002-335C681576B7}.Release|x86.ActiveCfg = Release|Any CPU
		{F29EE70C-A60E-4CBA-9002-335C681576B7}.Release|x86.Build.0 = Release|Any CPU
		{D8F161FE-E1B9-4CBC-9654-C5CD21EA992C}.Debug|Any CPU.ActiveCfg = Debug|Any CPU
		{D8F161FE-E1B9-4CBC-9654-C5CD21EA992C}.Debug|Any CPU.Build.0 = Debug|Any CPU
		{D8F161FE-E1B9-4CBC-9654-C5CD21EA992C}.Debug|x64.ActiveCfg = Debug|Any CPU
		{D8F161FE-E1B9-4CBC-9654-C5CD21EA992C}.Debug|x64.Build.0 = Debug|Any CPU
		{D8F161FE-E1B9-4CBC-9654-C5CD21EA992C}.Debug|x86.ActiveCfg = Debug|Any CPU
		{D8F161FE-E1B9-4CBC-9654-C5CD21EA992C}.Debug|x86.Build.0 = Debug|Any CPU
		{D8F161FE-E1B9-4CBC-9654-C5CD21EA992C}.Release|Any CPU.ActiveCfg = Release|Any CPU
		{D8F161FE-E1B9-4CBC-9654-C5CD21EA992C}.Release|Any CPU.Build.0 = Release|Any CPU
		{D8F161FE-E1B9-4CBC-9654-C5CD21EA992C}.Release|x64.ActiveCfg = Release|Any CPU
		{D8F161FE-E1B9-4CBC-9654-C5CD21EA992C}.Release|x64.Build.0 = Release|Any CPU
		{D8F161FE-E1B9-4CBC-9654-C5CD21EA992C}.Release|x86.ActiveCfg = Release|Any CPU
		{D8F161FE-E1B9-4CBC-9654-C5CD21EA992C}.Release|x86.Build.0 = Release|Any CPU
		{B5563A23-D812-4B64-BA71-5CC5BE1E57A3}.Debug|Any CPU.ActiveCfg = Debug|Any CPU
		{B5563A23-D812-4B64-BA71-5CC5BE1E57A3}.Debug|Any CPU.Build.0 = Debug|Any CPU
		{B5563A23-D812-4B64-BA71-5CC5BE1E57A3}.Debug|x64.ActiveCfg = Debug|Any CPU
		{B5563A23-D812-4B64-BA71-5CC5BE1E57A3}.Debug|x64.Build.0 = Debug|Any CPU
		{B5563A23-D812-4B64-BA71-5CC5BE1E57A3}.Debug|x86.ActiveCfg = Debug|Any CPU
		{B5563A23-D812-4B64-BA71-5CC5BE1E57A3}.Debug|x86.Build.0 = Debug|Any CPU
		{B5563A23-D812-4B64-BA71-5CC5BE1E57A3}.Release|Any CPU.ActiveCfg = Release|Any CPU
		{B5563A23-D812-4B64-BA71-5CC5BE1E57A3}.Release|Any CPU.Build.0 = Release|Any CPU
		{B5563A23-D812-4B64-BA71-5CC5BE1E57A3}.Release|x64.ActiveCfg = Release|Any CPU
		{B5563A23-D812-4B64-BA71-5CC5BE1E57A3}.Release|x64.Build.0 = Release|Any CPU
		{B5563A23-D812-4B64-BA71-5CC5BE1E57A3}.Release|x86.ActiveCfg = Release|Any CPU
		{B5563A23-D812-4B64-BA71-5CC5BE1E57A3}.Release|x86.Build.0 = Release|Any CPU
		{51F36EA1-FB3B-473D-963C-6DDAB5E2D1BA}.Debug|Any CPU.ActiveCfg = Debug|Any CPU
		{51F36EA1-FB3B-473D-963C-6DDAB5E2D1BA}.Debug|Any CPU.Build.0 = Debug|Any CPU
		{51F36EA1-FB3B-473D-963C-6DDAB5E2D1BA}.Debug|x64.ActiveCfg = Debug|Any CPU
		{51F36EA1-FB3B-473D-963C-6DDAB5E2D1BA}.Debug|x64.Build.0 = Debug|Any CPU
		{51F36EA1-FB3B-473D-963C-6DDAB5E2D1BA}.Debug|x86.ActiveCfg = Debug|Any CPU
		{51F36EA1-FB3B-473D-963C-6DDAB5E2D1BA}.Debug|x86.Build.0 = Debug|Any CPU
		{51F36EA1-FB3B-473D-963C-6DDAB5E2D1BA}.Release|Any CPU.ActiveCfg = Release|Any CPU
		{51F36EA1-FB3B-473D-963C-6DDAB5E2D1BA}.Release|Any CPU.Build.0 = Release|Any CPU
		{51F36EA1-FB3B-473D-963C-6DDAB5E2D1BA}.Release|x64.ActiveCfg = Release|Any CPU
		{51F36EA1-FB3B-473D-963C-6DDAB5E2D1BA}.Release|x64.Build.0 = Release|Any CPU
		{51F36EA1-FB3B-473D-963C-6DDAB5E2D1BA}.Release|x86.ActiveCfg = Release|Any CPU
		{51F36EA1-FB3B-473D-963C-6DDAB5E2D1BA}.Release|x86.Build.0 = Release|Any CPU
		{A1B2C3D4-E5F6-7890-ABCD-EF1234567890}.Debug|Any CPU.ActiveCfg = Debug|Any CPU
		{A1B2C3D4-E5F6-7890-ABCD-EF1234567890}.Debug|Any CPU.Build.0 = Debug|Any CPU
		{A1B2C3D4-E5F6-7890-ABCD-EF1234567890}.Debug|x64.ActiveCfg = Debug|Any CPU
		{A1B2C3D4-E5F6-7890-ABCD-EF1234567890}.Debug|x64.Build.0 = Debug|Any CPU
		{A1B2C3D4-E5F6-7890-ABCD-EF1234567890}.Debug|x86.ActiveCfg = Debug|Any CPU
		{A1B2C3D4-E5F6-7890-ABCD-EF1234567890}.Debug|x86.Build.0 = Debug|Any CPU
		{A1B2C3D4-E5F6-7890-ABCD-EF1234567890}.Release|Any CPU.ActiveCfg = Release|Any CPU
		{A1B2C3D4-E5F6-7890-ABCD-EF1234567890}.Release|Any CPU.Build.0 = Release|Any CPU
		{A1B2C3D4-E5F6-7890-ABCD-EF1234567890}.Release|x64.ActiveCfg = Release|Any CPU
		{A1B2C3D4-E5F6-7890-ABCD-EF1234567890}.Release|x64.Build.0 = Release|Any CPU
		{A1B2C3D4-E5F6-7890-ABCD-EF1234567890}.Release|x86.ActiveCfg = Release|Any CPU
		{A1B2C3D4-E5F6-7890-ABCD-EF1234567890}.Release|x86.Build.0 = Release|Any CPU
		{B2C3D4E5-F6G7-8901-BCDE-F23456789012}.Debug|Any CPU.ActiveCfg = Debug|Any CPU
		{B2C3D4E5-F6G7-8901-BCDE-F23456789012}.Debug|Any CPU.Build.0 = Debug|Any CPU
		{B2C3D4E5-F6G7-8901-BCDE-F23456789012}.Debug|x64.ActiveCfg = Debug|Any CPU
		{B2C3D4E5-F6G7-8901-BCDE-F23456789012}.Debug|x64.Build.0 = Debug|Any CPU
		{B2C3D4E5-F6G7-8901-BCDE-F23456789012}.Debug|x86.ActiveCfg = Debug|Any CPU
		{B2C3D4E5-F6G7-8901-BCDE-F23456789012}.Debug|x86.Build.0 = Debug|Any CPU
		{B2C3D4E5-F6G7-8901-BCDE-F23456789012}.Release|Any CPU.ActiveCfg = Release|Any CPU
		{B2C3D4E5-F6G7-8901-BCDE-F23456789012}.Release|Any CPU.Build.0 = Release|Any CPU
		{B2C3D4E5-F6G7-8901-BCDE-F23456789012}.Release|x64.ActiveCfg = Release|Any CPU
		{B2C3D4E5-F6G7-8901-BCDE-F23456789012}.Release|x64.Build.0 = Release|Any CPU
		{B2C3D4E5-F6G7-8901-BCDE-F23456789012}.Release|x86.ActiveCfg = Release|Any CPU
		{B2C3D4E5-F6G7-8901-BCDE-F23456789012}.Release|x86.Build.0 = Release|Any CPU
		{C3D4E5F6-G7H8-9012-CDEF-345678901234}.Debug|Any CPU.ActiveCfg = Debug|Any CPU
		{C3D4E5F6-G7H8-9012-CDEF-345678901234}.Debug|Any CPU.Build.0 = Debug|Any CPU
		{C3D4E5F6-G7H8-9012-CDEF-345678901234}.Debug|x64.ActiveCfg = Debug|Any CPU
		{C3D4E5F6-G7H8-9012-CDEF-345678901234}.Debug|x64.Build.0 = Debug|Any CPU
		{C3D4E5F6-G7H8-9012-CDEF-345678901234}.Debug|x86.ActiveCfg = Debug|Any CPU
		{C3D4E5F6-G7H8-9012-CDEF-345678901234}.Debug|x86.Build.0 = Debug|Any CPU
		{C3D4E5F6-G7H8-9012-CDEF-345678901234}.Release|Any CPU.ActiveCfg = Release|Any CPU
		{C3D4E5F6-G7H8-9012-CDEF-345678901234}.Release|Any CPU.Build.0 = Release|Any CPU
		{C3D4E5F6-G7H8-9012-CDEF-345678901234}.Release|x64.ActiveCfg = Release|Any CPU
		{C3D4E5F6-G7H8-9012-CDEF-345678901234}.Release|x64.Build.0 = Release|Any CPU
		{C3D4E5F6-G7H8-9012-CDEF-345678901234}.Release|x86.ActiveCfg = Release|Any CPU
		{C3D4E5F6-G7H8-9012-CDEF-345678901234}.Release|x86.Build.0 = Release|Any CPU
		{D4E5F6G7-H8I9-0123-DEFG-456789012345}.Debug|Any CPU.ActiveCfg = Debug|Any CPU
		{D4E5F6G7-H8I9-0123-DEFG-456789012345}.Debug|Any CPU.Build.0 = Debug|Any CPU
		{D4E5F6G7-H8I9-0123-DEFG-456789012345}.Debug|x64.ActiveCfg = Debug|Any CPU
		{D4E5F6G7-H8I9-0123-DEFG-456789012345}.Debug|x64.Build.0 = Debug|Any CPU
		{D4E5F6G7-H8I9-0123-DEFG-456789012345}.Debug|x86.ActiveCfg = Debug|Any CPU
		{D4E5F6G7-H8I9-0123-DEFG-456789012345}.Debug|x86.Build.0 = Debug|Any CPU
		{D4E5F6G7-H8I9-0123-DEFG-456789012345}.Release|Any CPU.ActiveCfg = Release|Any CPU
		{D4E5F6G7-H8I9-0123-DEFG-456789012345}.Release|Any CPU.Build.0 = Release|Any CPU
		{D4E5F6G7-H8I9-0123-DEFG-456789012345}.Release|x64.ActiveCfg = Release|Any CPU
		{D4E5F6G7-H8I9-0123-DEFG-456789012345}.Release|x64.Build.0 = Release|Any CPU
		{D4E5F6G7-H8I9-0123-DEFG-456789012345}.Release|x86.ActiveCfg = Release|Any CPU
		{D4E5F6G7-H8I9-0123-DEFG-456789012345}.Release|x86.Build.0 = Release|Any CPU
		{E5F6G7H8-I9J0-1234-EFGH-567890123456}.Debug|Any CPU.ActiveCfg = Debug|Any CPU
		{E5F6G7H8-I9J0-1234-EFGH-567890123456}.Debug|Any CPU.Build.0 = Debug|Any CPU
		{E5F6G7H8-I9J0-1234-EFGH-567890123456}.Debug|x64.ActiveCfg = Debug|Any CPU
		{E5F6G7H8-I9J0-1234-EFGH-567890123456}.Debug|x64.Build.0 = Debug|Any CPU
		{E5F6G7H8-I9J0-1234-EFGH-567890123456}.Debug|x86.ActiveCfg = Debug|Any CPU
		{E5F6G7H8-I9J0-1234-EFGH-567890123456}.Debug|x86.Build.0 = Debug|Any CPU
		{E5F6G7H8-I9J0-1234-EFGH-567890123456}.Release|Any CPU.ActiveCfg = Release|Any CPU
		{E5F6G7H8-I9J0-1234-EFGH-567890123456}.Release|Any CPU.Build.0 = Release|Any CPU
		{E5F6G7H8-I9J0-1234-EFGH-567890123456}.Release|x64.ActiveCfg = Release|Any CPU
		{E5F6G7H8-I9J0-1234-EFGH-567890123456}.Release|x64.Build.0 = Release|Any CPU
		{E5F6G7H8-I9J0-1234-EFGH-567890123456}.Release|x86.ActiveCfg = Release|Any CPU
		{E5F6G7H8-I9J0-1234-EFGH-567890123456}.Release|x86.Build.0 = Release|Any CPU
		{F6G7H8I9-J0K1-2345-FGHI-678901234567}.Debug|Any CPU.ActiveCfg = Debug|Any CPU
		{F6G7H8I9-J0K1-2345-FGHI-678901234567}.Debug|Any CPU.Build.0 = Debug|Any CPU
		{F6G7H8I9-J0K1-2345-FGHI-678901234567}.Debug|x64.ActiveCfg = Debug|Any CPU
		{F6G7H8I9-J0K1-2345-FGHI-678901234567}.Debug|x64.Build.0 = Debug|Any CPU
		{F6G7H8I9-J0K1-2345-FGHI-678901234567}.Debug|x86.ActiveCfg = Debug|Any CPU
		{F6G7H8I9-J0K1-2345-FGHI-678901234567}.Debug|x86.Build.0 = Debug|Any CPU
		{F6G7H8I9-J0K1-2345-FGHI-678901234567}.Release|Any CPU.ActiveCfg = Release|Any CPU
		{F6G7H8I9-J0K1-2345-FGHI-678901234567}.Release|Any CPU.Build.0 = Release|Any CPU
		{F6G7H8I9-J0K1-2345-FGHI-678901234567}.Release|x64.ActiveCfg = Release|Any CPU
		{F6G7H8I9-J0K1-2345-FGHI-678901234567}.Release|x64.Build.0 = Release|Any CPU
		{F6G7H8I9-J0K1-2345-FGHI-678901234567}.Release|x86.ActiveCfg = Release|Any CPU
		{F6G7H8I9-J0K1-2345-FGHI-678901234567}.Release|x86.Build.0 = Release|Any CPU
		{A5C99AB0-5576-47A8-B375-8FC542C7852A}.Debug|Any CPU.ActiveCfg = Debug|Any CPU
		{A5C99AB0-5576-47A8-B375-8FC542C7852A}.Debug|Any CPU.Build.0 = Debug|Any CPU
		{A5C99AB0-5576-47A8-B375-8FC542C7852A}.Debug|x64.ActiveCfg = Debug|Any CPU
		{A5C99AB0-5576-47A8-B375-8FC542C7852A}.Debug|x64.Build.0 = Debug|Any CPU
		{A5C99AB0-5576-47A8-B375-8FC542C7852A}.Debug|x86.ActiveCfg = Debug|Any CPU
		{A5C99AB0-5576-47A8-B375-8FC542C7852A}.Debug|x86.Build.0 = Debug|Any CPU
		{A5C99AB0-5576-47A8-B375-8FC542C7852A}.Release|Any CPU.ActiveCfg = Release|Any CPU
		{A5C99AB0-5576-47A8-B375-8FC542C7852A}.Release|Any CPU.Build.0 = Release|Any CPU
		{A5C99AB0-5576-47A8-B375-8FC542C7852A}.Release|x64.ActiveCfg = Release|Any CPU
		{A5C99AB0-5576-47A8-B375-8FC542C7852A}.Release|x64.Build.0 = Release|Any CPU
		{A5C99AB0-5576-47A8-B375-8FC542C7852A}.Release|x86.ActiveCfg = Release|Any CPU
		{A5C99AB0-5576-47A8-B375-8FC542C7852A}.Release|x86.Build.0 = Release|Any CPU
		{7E6E8B2D-5C3A-4A2C-9E3A-4A6F9A9D1234}.Debug|Any CPU.ActiveCfg = Debug|Any CPU
		{7E6E8B2D-5C3A-4A2C-9E3A-4A6F9A9D1234}.Debug|Any CPU.Build.0 = Debug|Any CPU
		{7E6E8B2D-5C3A-4A2C-9E3A-4A6F9A9D1234}.Debug|x64.ActiveCfg = Debug|Any CPU
		{7E6E8B2D-5C3A-4A2C-9E3A-4A6F9A9D1234}.Debug|x64.Build.0 = Debug|Any CPU
		{7E6E8B2D-5C3A-4A2C-9E3A-4A6F9A9D1234}.Debug|x86.ActiveCfg = Debug|Any CPU
		{7E6E8B2D-5C3A-4A2C-9E3A-4A6F9A9D1234}.Debug|x86.Build.0 = Debug|Any CPU
		{7E6E8B2D-5C3A-4A2C-9E3A-4A6F9A9D1234}.Release|Any CPU.ActiveCfg = Release|Any CPU
		{7E6E8B2D-5C3A-4A2C-9E3A-4A6F9A9D1234}.Release|Any CPU.Build.0 = Release|Any CPU
		{7E6E8B2D-5C3A-4A2C-9E3A-4A6F9A9D1234}.Release|x64.ActiveCfg = Release|Any CPU
		{7E6E8B2D-5C3A-4A2C-9E3A-4A6F9A9D1234}.Release|x64.Build.0 = Release|Any CPU
		{7E6E8B2D-5C3A-4A2C-9E3A-4A6F9A9D1234}.Release|x86.ActiveCfg = Release|Any CPU
		{7E6E8B2D-5C3A-4A2C-9E3A-4A6F9A9D1234}.Release|x86.Build.0 = Release|Any CPU
		{041CD4A3-6104-4A9D-9538-77894F80ADC9}.Debug|Any CPU.ActiveCfg = Debug|Any CPU
		{041CD4A3-6104-4A9D-9538-77894F80ADC9}.Debug|Any CPU.Build.0 = Debug|Any CPU
		{041CD4A3-6104-4A9D-9538-77894F80ADC9}.Debug|x64.ActiveCfg = Debug|Any CPU
		{041CD4A3-6104-4A9D-9538-77894F80ADC9}.Debug|x64.Build.0 = Debug|Any CPU
		{041CD4A3-6104-4A9D-9538-77894F80ADC9}.Debug|x86.ActiveCfg = Debug|Any CPU
		{041CD4A3-6104-4A9D-9538-77894F80ADC9}.Debug|x86.Build.0 = Debug|Any CPU
		{041CD4A3-6104-4A9D-9538-77894F80ADC9}.Release|Any CPU.ActiveCfg = Release|Any CPU
		{041CD4A3-6104-4A9D-9538-77894F80ADC9}.Release|Any CPU.Build.0 = Release|Any CPU
		{041CD4A3-6104-4A9D-9538-77894F80ADC9}.Release|x64.ActiveCfg = Release|Any CPU
		{041CD4A3-6104-4A9D-9538-77894F80ADC9}.Release|x64.Build.0 = Release|Any CPU
		{041CD4A3-6104-4A9D-9538-77894F80ADC9}.Release|x86.ActiveCfg = Release|Any CPU
		{041CD4A3-6104-4A9D-9538-77894F80ADC9}.Release|x86.Build.0 = Release|Any CPU
	EndGlobalSection
	GlobalSection(SolutionProperties) = preSolution
		HideSolutionNode = FALSE
	EndGlobalSection
	GlobalSection(NestedProjects) = preSolution
		{90298CBA-BD6F-3A0A-69D5-97CAD7B05E7E} = {827E0CD3-B72D-47B6-A68D-7590B98EB39B}
		{0D54923B-7734-48F2-839B-76F51FE757CF} = {90298CBA-BD6F-3A0A-69D5-97CAD7B05E7E}
		{58C55A96-96A6-44F7-8DC9-45145612047F} = {90298CBA-BD6F-3A0A-69D5-97CAD7B05E7E}
		{1E0F18C3-5B25-4925-9098-6A594616DE7F} = {90298CBA-BD6F-3A0A-69D5-97CAD7B05E7E}
		{B9ECA623-5581-464D-8957-90856642ECA2} = {90298CBA-BD6F-3A0A-69D5-97CAD7B05E7E}
		{9570E5CF-7A76-41DE-B678-DCAAE07E6391} = {90298CBA-BD6F-3A0A-69D5-97CAD7B05E7E}
		{199BB448-D879-4D61-B557-5CC88B473EE9} = {90298CBA-BD6F-3A0A-69D5-97CAD7B05E7E}
		{9BDB6905-28E8-4C87-8745-46F4D599B461} = {90298CBA-BD6F-3A0A-69D5-97CAD7B05E7E}
		{20F703D1-E6AD-4B8D-A08E-EFED9FE103DC} = {90298CBA-BD6F-3A0A-69D5-97CAD7B05E7E}
		{FB2CD34E-EC83-4FC3-9908-CBC5F98EC998} = {90298CBA-BD6F-3A0A-69D5-97CAD7B05E7E}
		{371D4826-E35A-4783-BEA4-9BC44519E91D} = {90298CBA-BD6F-3A0A-69D5-97CAD7B05E7E}
		{81F5516F-CBCE-457B-9875-99FBEA3B92FB} = {90298CBA-BD6F-3A0A-69D5-97CAD7B05E7E}
		{F29EE70C-A60E-4CBA-9002-335C681576B7} = {90298CBA-BD6F-3A0A-69D5-97CAD7B05E7E}
		{D8F161FE-E1B9-4CBC-9654-C5CD21EA992C} = {90298CBA-BD6F-3A0A-69D5-97CAD7B05E7E}
		{B5563A23-D812-4B64-BA71-5CC5BE1E57A3} = {90298CBA-BD6F-3A0A-69D5-97CAD7B05E7E}
		{51F36EA1-FB3B-473D-963C-6DDAB5E2D1BA} = {90298CBA-BD6F-3A0A-69D5-97CAD7B05E7E}
		{A1B2C3D4-E5F6-7890-ABCD-EF1234567890} = {90298CBA-BD6F-3A0A-69D5-97CAD7B05E7E}
		{B2C3D4E5-F6G7-8901-BCDE-F23456789012} = {90298CBA-BD6F-3A0A-69D5-97CAD7B05E7E}
		{C3D4E5F6-G7H8-9012-CDEF-345678901234} = {90298CBA-BD6F-3A0A-69D5-97CAD7B05E7E}
		{D4E5F6G7-H8I9-0123-DEFG-456789012345} = {90298CBA-BD6F-3A0A-69D5-97CAD7B05E7E}
		{E5F6G7H8-I9J0-1234-EFGH-567890123456} = {90298CBA-BD6F-3A0A-69D5-97CAD7B05E7E}
		{F6G7H8I9-J0K1-2345-FGHI-678901234567} = {90298CBA-BD6F-3A0A-69D5-97CAD7B05E7E}
		{A5C99AB0-5576-47A8-B375-8FC542C7852A} = {0AB3BF05-4346-4AA6-1389-037BE0695223}
		{7E6E8B2D-5C3A-4A2C-9E3A-4A6F9A9D1234} = {0AB3BF05-4346-4AA6-1389-037BE0695223}
		{F796C181-967A-457B-993B-C4F09D0E8103} = {827E0CD3-B72D-47B6-A68D-7590B98EB39B}
		{041CD4A3-6104-4A9D-9538-77894F80ADC9} = {F796C181-967A-457B-993B-C4F09D0E8103}
	EndGlobalSection
EndGlobal
